
Microsoft Visual Studio Solution File, Format Version 12.00
# Visual Studio Version 17
VisualStudioVersion = 17.12.35527.113
MinimumVisualStudioVersion = 10.0.40219.1
Project("{FAE04EC0-301F-11D3-BF4B-00C04F79EFBC}") = "Metodos", "MetodosSinParametrosNiTipo\Metodos.csproj", "{701A4C86-4750-446F-90CF-8B5A066763B7}"
EndProject
Project("{FAE04EC0-301F-11D3-BF4B-00C04F79EFBC}") = "Tarea5-1_GradosRadianes", "Tarea5-1_GradosRadianes\Tarea5-1_GradosRadianes.csproj", "{ED80F6BA-3B9E-4334-A6D5-9E4299F3A133}"
EndProject
Project("{FAE04EC0-301F-11D3-BF4B-00C04F79EFBC}") = "Tarea5-2_Areas", "Tarea5-2_Areas\Tarea5-2_Areas.csproj", "{937D0D7C-54C8-4B41-9A85-368BB27A9063}"
EndProject
Global
	GlobalSection(SolutionConfigurationPlatforms) = preSolution
		Debug|Any CPU = Debug|Any CPU
		Release|Any CPU = Release|Any CPU
	EndGlobalSection
	GlobalSection(ProjectConfigurationPlatforms) = postSolution
		{701A4C86-4750-446F-90CF-8B5A066763B7}.Debug|Any CPU.ActiveCfg = Debug|Any CPU
		{701A4C86-4750-446F-90CF-8B5A066763B7}.Debug|Any CPU.Build.0 = Debug|Any CPU
		{701A4C86-4750-446F-90CF-8B5A066763B7}.Release|Any CPU.ActiveCfg = Release|Any CPU
		{701A4C86-4750-446F-90CF-8B5A066763B7}.Release|Any CPU.Build.0 = Release|Any CPU
		{ED80F6BA-3B9E-4334-A6D5-9E4299F3A133}.Debug|Any CPU.ActiveCfg = Debug|Any CPU
		{ED80F6BA-3B9E-4334-A6D5-9E4299F3A133}.Debug|Any CPU.Build.0 = Debug|Any CPU
		{ED80F6BA-3B9E-4334-A6D5-9E4299F3A133}.Release|Any CPU.ActiveCfg = Release|Any CPU
		{ED80F6BA-3B9E-4334-A6D5-9E4299F3A133}.Release|Any CPU.Build.0 = Release|Any CPU
		{937D0D7C-54C8-4B41-9A85-368BB27A9063}.Debug|Any CPU.ActiveCfg = Debug|Any CPU
		{937D0D7C-54C8-4B41-9A85-368BB27A9063}.Debug|Any CPU.Build.0 = Debug|Any CPU
		{937D0D7C-54C8-4B41-9A85-368BB27A9063}.Release|Any CPU.ActiveCfg = Release|Any CPU
		{937D0D7C-54C8-4B41-9A85-368BB27A9063}.Release|Any CPU.Build.0 = Release|Any CPU
	EndGlobalSection
	GlobalSection(SolutionProperties) = preSolution
		HideSolutionNode = FALSE
	EndGlobalSection
EndGlobal
